uuid: 58fa2898-f3dc-48cd-a447-ed8ef4b92a0d
langcode: en
status: true
dependencies:
  module:
    - block
    - paragraphs
id: paragraph.field_block
field_name: field_block
entity_type: paragraph
type: entity_reference
settings:
  target_type: block
module: core
locked: false
cardinality: 1
translatable: true
indexes: {  }
persist_with_no_fields: false
custom_storage: false
