uuid: a60f860a-43fb-4a0f-adfe-42c9b07842bb
langcode: en
status: true
dependencies:
  config:
    - field.storage.paragraph.field_block
    - paragraphs.paragraphs_type.block_component
id: paragraph.block_component.field_block
field_name: field_block
entity_type: paragraph
bundle: block_component
label: Block
description: ''
required: true
translatable: false
default_value: {  }
default_value_callback: ''
settings:
  handler: 'default:block'
  handler_settings:
    target_bundles: null
    auto_create: false
field_type: entity_reference
